// !$*UTF8*$!
{
	archiveVersion = 1;
	classes = {
	};
	objectVersion = 46;
	objects = {

/* Begin PBXBuildFile section */
		8FC14B3915E2EEF50039CA2C /* UIKit.framework in Frameworks */ = {isa = PBXBuildFile; fileRef = 8FC14B3815E2EEF50039CA2C /* UIKit.framework */; };
		8FC14B3B15E2EEF50039CA2C /* Foundation.framework in Frameworks */ = {isa = PBXBuildFile; fileRef = 8FC14B3A15E2EEF50039CA2C /* Foundation.framework */; };
		8FC14B3D15E2EEF50039CA2C /* CoreGraphics.framework in Frameworks */ = {isa = PBXBuildFile; fileRef = 8FC14B3C15E2EEF50039CA2C /* CoreGraphics.framework */; };
		8FC14B4315E2EEF50039CA2C /* InfoPlist.strings in Resources */ = {isa = PBXBuildFile; fileRef = 8FC14B4115E2EEF50039CA2C /* InfoPlist.strings */; };
		8FC14B4515E2EEF50039CA2C /* main.m in Sources */ = {isa = PBXBuildFile; fileRef = 8FC14B4415E2EEF50039CA2C /* main.m */; };
		8FC14B4915E2EEF50039CA2C /* GamificationAppDelegate.m in Sources */ = {isa = PBXBuildFile; fileRef = 8FC14B4815E2EEF50039CA2C /* GamificationAppDelegate.m */; };
		8FC14B4C15E2EEF50039CA2C /* MainStoryboard.storyboard in Resources */ = {isa = PBXBuildFile; fileRef = 8FC14B4A15E2EEF50039CA2C /* MainStoryboard.storyboard */; };
		8FC14B4F15E2EEF50039CA2C /* GamificationViewController.m in Sources */ = {isa = PBXBuildFile; fileRef = 8FC14B4E15E2EEF50039CA2C /* GamificationViewController.m */; };
		8FC14B5715E2EEF50039CA2C /* SenTestingKit.framework in Frameworks */ = {isa = PBXBuildFile; fileRef = 8FC14B5615E2EEF50039CA2C /* SenTestingKit.framework */; };
		8FC14B5815E2EEF50039CA2C /* UIKit.framework in Frameworks */ = {isa = PBXBuildFile; fileRef = 8FC14B3815E2EEF50039CA2C /* UIKit.framework */; };
		8FC14B5915E2EEF50039CA2C /* Foundation.framework in Frameworks */ = {isa = PBXBuildFile; fileRef = 8FC14B3A15E2EEF50039CA2C /* Foundation.framework */; };
		8FC14B6115E2EEF50039CA2C /* InfoPlist.strings in Resources */ = {isa = PBXBuildFile; fileRef = 8FC14B5F15E2EEF50039CA2C /* InfoPlist.strings */; };
		8FC14B6415E2EEF50039CA2C /* GamificationTests.m in Sources */ = {isa = PBXBuildFile; fileRef = 8FC14B6315E2EEF50039CA2C /* GamificationTests.m */; };
		8FC14B7B15E34DAF0039CA2C /* GoalSet.m in Sources */ = {isa = PBXBuildFile; fileRef = 8FC14B7A15E34DAF0039CA2C /* GoalSet.m */; };
		8FC14B7C15E34DAF0039CA2C /* GoalSet.m in Sources */ = {isa = PBXBuildFile; fileRef = 8FC14B7A15E34DAF0039CA2C /* GoalSet.m */; };
		8FC14B7F15E35C330039CA2C /* RewardSet.m in Sources */ = {isa = PBXBuildFile; fileRef = 8FC14B7E15E35C330039CA2C /* RewardSet.m */; };
		8FC14B8015E35C330039CA2C /* RewardSet.m in Sources */ = {isa = PBXBuildFile; fileRef = 8FC14B7E15E35C330039CA2C /* RewardSet.m */; };
		8FC14B8315FAD1920039CA2C /* UserStatus.m in Sources */ = {isa = PBXBuildFile; fileRef = 8FC14B8215FAD1920039CA2C /* UserStatus.m */; };
		8FC14B8415FAD1920039CA2C /* UserStatus.m in Sources */ = {isa = PBXBuildFile; fileRef = 8FC14B8215FAD1920039CA2C /* UserStatus.m */; };
		8FC14B8715FC81F10039CA2C /* Constants.m in Sources */ = {isa = PBXBuildFile; fileRef = 8FC14B8615FC81F10039CA2C /* Constants.m */; };
		8FC14B8815FC81F10039CA2C /* Constants.m in Sources */ = {isa = PBXBuildFile; fileRef = 8FC14B8615FC81F10039CA2C /* Constants.m */; };
		8FC14B8F15FD12610039CA2C /* StatsViewController.m in Sources */ = {isa = PBXBuildFile; fileRef = 8FC14B8E15FD12610039CA2C /* StatsViewController.m */; };
		8FC14B9015FD12610039CA2C /* StatsViewController.m in Sources */ = {isa = PBXBuildFile; fileRef = 8FC14B8E15FD12610039CA2C /* StatsViewController.m */; };
		8FC14BAB15FE709C0039CA2C /* Goal.m in Sources */ = {isa = PBXBuildFile; fileRef = 8FC14BAA15FE709B0039CA2C /* Goal.m */; };
		8FC14BAC15FE709C0039CA2C /* Goal.m in Sources */ = {isa = PBXBuildFile; fileRef = 8FC14BAA15FE709B0039CA2C /* Goal.m */; };
		8FC14BAF15FE745A0039CA2C /* Reward.m in Sources */ = {isa = PBXBuildFile; fileRef = 8FC14BAE15FE745A0039CA2C /* Reward.m */; };
		8FC14BB015FE745A0039CA2C /* Reward.m in Sources */ = {isa = PBXBuildFile; fileRef = 8FC14BAE15FE745A0039CA2C /* Reward.m */; };
		8FC14BB315FE76050039CA2C /* GoalsViewController.m in Sources */ = {isa = PBXBuildFile; fileRef = 8FC14BB215FE76040039CA2C /* GoalsViewController.m */; };
		8FC14BB415FE76050039CA2C /* GoalsViewController.m in Sources */ = {isa = PBXBuildFile; fileRef = 8FC14BB215FE76040039CA2C /* GoalsViewController.m */; };
		8FC14BB715FE76230039CA2C /* RewardsViewController.m in Sources */ = {isa = PBXBuildFile; fileRef = 8FC14BB615FE76230039CA2C /* RewardsViewController.m */; };
		8FC14BB815FE76230039CA2C /* RewardsViewController.m in Sources */ = {isa = PBXBuildFile; fileRef = 8FC14BB615FE76230039CA2C /* RewardsViewController.m */; };
		8FC14BBB15FE8DA90039CA2C /* SpecificGoalsViewController.m in Sources */ = {isa = PBXBuildFile; fileRef = 8FC14BBA15FE8DA80039CA2C /* SpecificGoalsViewController.m */; };
		8FC14BBC15FE8DA90039CA2C /* SpecificGoalsViewController.m in Sources */ = {isa = PBXBuildFile; fileRef = 8FC14BBA15FE8DA80039CA2C /* SpecificGoalsViewController.m */; };
		8FC14BBF15FE8DCB0039CA2C /* SpecificRewardsViewController.m in Sources */ = {isa = PBXBuildFile; fileRef = 8FC14BBE15FE8DCA0039CA2C /* SpecificRewardsViewController.m */; };
		8FC14BC015FE8DCB0039CA2C /* SpecificRewardsViewController.m in Sources */ = {isa = PBXBuildFile; fileRef = 8FC14BBE15FE8DCA0039CA2C /* SpecificRewardsViewController.m */; };
		8FC14BC315FEADBB0039CA2C /* AddGoalsViewController.m in Sources */ = {isa = PBXBuildFile; fileRef = 8FC14BC215FEADBB0039CA2C /* AddGoalsViewController.m */; };
		8FC14BC415FEADBB0039CA2C /* AddGoalsViewController.m in Sources */ = {isa = PBXBuildFile; fileRef = 8FC14BC215FEADBB0039CA2C /* AddGoalsViewController.m */; };
		8FC14BC715FEADEA0039CA2C /* AddRewardsViewController.m in Sources */ = {isa = PBXBuildFile; fileRef = 8FC14BC615FEADEA0039CA2C /* AddRewardsViewController.m */; };
		8FC14BC815FEADEA0039CA2C /* AddRewardsViewController.m in Sources */ = {isa = PBXBuildFile; fileRef = 8FC14BC615FEADEA0039CA2C /* AddRewardsViewController.m */; };
		8FC14BCB15FECDC40039CA2C /* CompleteGoalsViewController.m in Sources */ = {isa = PBXBuildFile; fileRef = 8FC14BCA15FECDC40039CA2C /* CompleteGoalsViewController.m */; };
		8FC14BCC15FECDC40039CA2C /* CompleteGoalsViewController.m in Sources */ = {isa = PBXBuildFile; fileRef = 8FC14BCA15FECDC40039CA2C /* CompleteGoalsViewController.m */; };
		8FC14BCF15FECE250039CA2C /* DeleteGoalsViewController.m in Sources */ = {isa = PBXBuildFile; fileRef = 8FC14BCE15FECE240039CA2C /* DeleteGoalsViewController.m */; };
		8FC14BD015FECE250039CA2C /* DeleteGoalsViewController.m in Sources */ = {isa = PBXBuildFile; fileRef = 8FC14BCE15FECE240039CA2C /* DeleteGoalsViewController.m */; };
		8FC14BD315FEE1DF0039CA2C /* DeleteRewardsViewController.m in Sources */ = {isa = PBXBuildFile; fileRef = 8FC14BD215FEE1DE0039CA2C /* DeleteRewardsViewController.m */; };
		8FC14BD415FEE1DF0039CA2C /* DeleteRewardsViewController.m in Sources */ = {isa = PBXBuildFile; fileRef = 8FC14BD215FEE1DE0039CA2C /* DeleteRewardsViewController.m */; };
/* End PBXBuildFile section */

/* Begin PBXContainerItemProxy section */
		8FC14B5A15E2EEF50039CA2C /* PBXContainerItemProxy */ = {
			isa = PBXContainerItemProxy;
			containerPortal = 8FC14B2B15E2EEF50039CA2C /* Project object */;
			proxyType = 1;
			remoteGlobalIDString = 8FC14B3315E2EEF50039CA2C;
			remoteInfo = Gamification;
		};
/* End PBXContainerItemProxy section */

/* Begin PBXFileReference section */
		8FC14B3415E2EEF50039CA2C /* Gamification.app */ = {isa = PBXFileReference; explicitFileType = wrapper.application; includeInIndex = 0; path = Gamification.app; sourceTree = BUILT_PRODUCTS_DIR; };
		8FC14B3815E2EEF50039CA2C /* UIKit.framework */ = {isa = PBXFileReference; lastKnownFileType = wrapper.framework; name = UIKit.framework; path = System/Library/Frameworks/UIKit.framework; sourceTree = SDKROOT; };
		8FC14B3A15E2EEF50039CA2C /* Foundation.framework */ = {isa = PBXFileReference; lastKnownFileType = wrapper.framework; name = Foundation.framework; path = System/Library/Frameworks/Foundation.framework; sourceTree = SDKROOT; };
		8FC14B3C15E2EEF50039CA2C /* CoreGraphics.framework */ = {isa = PBXFileReference; lastKnownFileType = wrapper.framework; name = CoreGraphics.framework; path = System/Library/Frameworks/CoreGraphics.framework; sourceTree = SDKROOT; };
		8FC14B4015E2EEF50039CA2C /* Gamification-Info.plist */ = {isa = PBXFileReference; lastKnownFileType = text.plist.xml; path = "Gamification-Info.plist"; sourceTree = "<group>"; };
		8FC14B4215E2EEF50039CA2C /* en */ = {isa = PBXFileReference; lastKnownFileType = text.plist.strings; name = en; path = en.lproj/InfoPlist.strings; sourceTree = "<group>"; };
		8FC14B4415E2EEF50039CA2C /* main.m */ = {isa = PBXFileReference; lastKnownFileType = sourcecode.c.objc; path = main.m; sourceTree = "<group>"; };
		8FC14B4615E2EEF50039CA2C /* Gamification-Prefix.pch */ = {isa = PBXFileReference; lastKnownFileType = sourcecode.c.h; path = "Gamification-Prefix.pch"; sourceTree = "<group>"; };
		8FC14B4715E2EEF50039CA2C /* GamificationAppDelegate.h */ = {isa = PBXFileReference; lastKnownFileType = sourcecode.c.h; path = GamificationAppDelegate.h; sourceTree = "<group>"; };
		8FC14B4815E2EEF50039CA2C /* GamificationAppDelegate.m */ = {isa = PBXFileReference; lastKnownFileType = sourcecode.c.objc; path = GamificationAppDelegate.m; sourceTree = "<group>"; };
		8FC14B4B15E2EEF50039CA2C /* en */ = {isa = PBXFileReference; lastKnownFileType = file.storyboard; name = en; path = en.lproj/MainStoryboard.storyboard; sourceTree = "<group>"; };
		8FC14B4D15E2EEF50039CA2C /* GamificationViewController.h */ = {isa = PBXFileReference; lastKnownFileType = sourcecode.c.h; path = GamificationViewController.h; sourceTree = "<group>"; };
		8FC14B4E15E2EEF50039CA2C /* GamificationViewController.m */ = {isa = PBXFileReference; lastKnownFileType = sourcecode.c.objc; path = GamificationViewController.m; sourceTree = "<group>"; };
		8FC14B5515E2EEF50039CA2C /* GamificationTests.octest */ = {isa = PBXFileReference; explicitFileType = wrapper.cfbundle; includeInIndex = 0; path = GamificationTests.octest; sourceTree = BUILT_PRODUCTS_DIR; };
		8FC14B5615E2EEF50039CA2C /* SenTestingKit.framework */ = {isa = PBXFileReference; lastKnownFileType = wrapper.framework; name = SenTestingKit.framework; path = Library/Frameworks/SenTestingKit.framework; sourceTree = DEVELOPER_DIR; };
		8FC14B5E15E2EEF50039CA2C /* GamificationTests-Info.plist */ = {isa = PBXFileReference; lastKnownFileType = text.plist.xml; path = "GamificationTests-Info.plist"; sourceTree = "<group>"; };
		8FC14B6015E2EEF50039CA2C /* en */ = {isa = PBXFileReference; lastKnownFileType = text.plist.strings; name = en; path = en.lproj/InfoPlist.strings; sourceTree = "<group>"; };
		8FC14B6215E2EEF50039CA2C /* GamificationTests.h */ = {isa = PBXFileReference; lastKnownFileType = sourcecode.c.h; path = GamificationTests.h; sourceTree = "<group>"; };
		8FC14B6315E2EEF50039CA2C /* GamificationTests.m */ = {isa = PBXFileReference; lastKnownFileType = sourcecode.c.objc; path = GamificationTests.m; sourceTree = "<group>"; };
		8FC14B7915E34DAF0039CA2C /* GoalSet.h */ = {isa = PBXFileReference; fileEncoding = 4; lastKnownFileType = sourcecode.c.h; path = GoalSet.h; sourceTree = "<group>"; };
		8FC14B7A15E34DAF0039CA2C /* GoalSet.m */ = {isa = PBXFileReference; fileEncoding = 4; lastKnownFileType = sourcecode.c.objc; path = GoalSet.m; sourceTree = "<group>"; };
		8FC14B7D15E35C330039CA2C /* RewardSet.h */ = {isa = PBXFileReference; fileEncoding = 4; lastKnownFileType = sourcecode.c.h; path = RewardSet.h; sourceTree = "<group>"; };
		8FC14B7E15E35C330039CA2C /* RewardSet.m */ = {isa = PBXFileReference; fileEncoding = 4; lastKnownFileType = sourcecode.c.objc; path = RewardSet.m; sourceTree = "<group>"; };
		8FC14B8115FAD1920039CA2C /* UserStatus.h */ = {isa = PBXFileReference; fileEncoding = 4; lastKnownFileType = sourcecode.c.h; path = UserStatus.h; sourceTree = "<group>"; };
		8FC14B8215FAD1920039CA2C /* UserStatus.m */ = {isa = PBXFileReference; fileEncoding = 4; lastKnownFileType = sourcecode.c.objc; path = UserStatus.m; sourceTree = "<group>"; };
		8FC14B8515FB8F2B0039CA2C /* Constants.h */ = {isa = PBXFileReference; fileEncoding = 4; lastKnownFileType = sourcecode.c.h; path = Constants.h; sourceTree = "<group>"; };
		8FC14B8615FC81F10039CA2C /* Constants.m */ = {isa = PBXFileReference; fileEncoding = 4; lastKnownFileType = sourcecode.c.objc; path = Constants.m; sourceTree = "<group>"; };
		8FC14B8D15FD12600039CA2C /* StatsViewController.h */ = {isa = PBXFileReference; fileEncoding = 4; lastKnownFileType = sourcecode.c.h; path = StatsViewController.h; sourceTree = "<group>"; };
		8FC14B8E15FD12610039CA2C /* StatsViewController.m */ = {isa = PBXFileReference; fileEncoding = 4; lastKnownFileType = sourcecode.c.objc; path = StatsViewController.m; sourceTree = "<group>"; };
		8FC14BA915FE709B0039CA2C /* Goal.h */ = {isa = PBXFileReference; fileEncoding = 4; lastKnownFileType = sourcecode.c.h; path = Goal.h; sourceTree = "<group>"; };
		8FC14BAA15FE709B0039CA2C /* Goal.m */ = {isa = PBXFileReference; fileEncoding = 4; lastKnownFileType = sourcecode.c.objc; path = Goal.m; sourceTree = "<group>"; };
		8FC14BAD15FE745A0039CA2C /* Reward.h */ = {isa = PBXFileReference; fileEncoding = 4; lastKnownFileType = sourcecode.c.h; path = Reward.h; sourceTree = "<group>"; };
		8FC14BAE15FE745A0039CA2C /* Reward.m */ = {isa = PBXFileReference; fileEncoding = 4; lastKnownFileType = sourcecode.c.objc; path = Reward.m; sourceTree = "<group>"; };
		8FC14BB115FE76040039CA2C /* GoalsViewController.h */ = {isa = PBXFileReference; fileEncoding = 4; lastKnownFileType = sourcecode.c.h; path = GoalsViewController.h; sourceTree = "<group>"; };
		8FC14BB215FE76040039CA2C /* GoalsViewController.m */ = {isa = PBXFileReference; fileEncoding = 4; lastKnownFileType = sourcecode.c.objc; path = GoalsViewController.m; sourceTree = "<group>"; };
		8FC14BB515FE76220039CA2C /* RewardsViewController.h */ = {isa = PBXFileReference; fileEncoding = 4; lastKnownFileType = sourcecode.c.h; path = RewardsViewController.h; sourceTree = "<group>"; };
		8FC14BB615FE76230039CA2C /* RewardsViewController.m */ = {isa = PBXFileReference; fileEncoding = 4; lastKnownFileType = sourcecode.c.objc; path = RewardsViewController.m; sourceTree = "<group>"; };
		8FC14BB915FE8DA80039CA2C /* SpecificGoalsViewController.h */ = {isa = PBXFileReference; fileEncoding = 4; lastKnownFileType = sourcecode.c.h; path = SpecificGoalsViewController.h; sourceTree = "<group>"; };
		8FC14BBA15FE8DA80039CA2C /* SpecificGoalsViewController.m */ = {isa = PBXFileReference; fileEncoding = 4; lastKnownFileType = sourcecode.c.objc; path = SpecificGoalsViewController.m; sourceTree = "<group>"; };
		8FC14BBD15FE8DCA0039CA2C /* SpecificRewardsViewController.h */ = {isa = PBXFileReference; fileEncoding = 4; lastKnownFileType = sourcecode.c.h; path = SpecificRewardsViewController.h; sourceTree = "<group>"; };
		8FC14BBE15FE8DCA0039CA2C /* SpecificRewardsViewController.m */ = {isa = PBXFileReference; fileEncoding = 4; lastKnownFileType = sourcecode.c.objc; path = SpecificRewardsViewController.m; sourceTree = "<group>"; };
		8FC14BC115FEADBB0039CA2C /* AddGoalsViewController.h */ = {isa = PBXFileReference; fileEncoding = 4; lastKnownFileType = sourcecode.c.h; path = AddGoalsViewController.h; sourceTree = "<group>"; };
		8FC14BC215FEADBB0039CA2C /* AddGoalsViewController.m */ = {isa = PBXFileReference; fileEncoding = 4; lastKnownFileType = sourcecode.c.objc; path = AddGoalsViewController.m; sourceTree = "<group>"; };
		8FC14BC515FEADEA0039CA2C /* AddRewardsViewController.h */ = {isa = PBXFileReference; fileEncoding = 4; lastKnownFileType = sourcecode.c.h; path = AddRewardsViewController.h; sourceTree = "<group>"; };
		8FC14BC615FEADEA0039CA2C /* AddRewardsViewController.m */ = {isa = PBXFileReference; fileEncoding = 4; lastKnownFileType = sourcecode.c.objc; path = AddRewardsViewController.m; sourceTree = "<group>"; };
		8FC14BC915FECDC30039CA2C /* CompleteGoalsViewController.h */ = {isa = PBXFileReference; fileEncoding = 4; lastKnownFileType = sourcecode.c.h; path = CompleteGoalsViewController.h; sourceTree = "<group>"; };
		8FC14BCA15FECDC40039CA2C /* CompleteGoalsViewController.m */ = {isa = PBXFileReference; fileEncoding = 4; lastKnownFileType = sourcecode.c.objc; path = CompleteGoalsViewController.m; sourceTree = "<group>"; };
		8FC14BCD15FECE240039CA2C /* DeleteGoalsViewController.h */ = {isa = PBXFileReference; fileEncoding = 4; lastKnownFileType = sourcecode.c.h; path = DeleteGoalsViewController.h; sourceTree = "<group>"; };
		8FC14BCE15FECE240039CA2C /* DeleteGoalsViewController.m */ = {isa = PBXFileReference; fileEncoding = 4; lastKnownFileType = sourcecode.c.objc; path = DeleteGoalsViewController.m; sourceTree = "<group>"; };
		8FC14BD115FEE1DE0039CA2C /* DeleteRewardsViewController.h */ = {isa = PBXFileReference; fileEncoding = 4; lastKnownFileType = sourcecode.c.h; path = DeleteRewardsViewController.h; sourceTree = "<group>"; };
		8FC14BD215FEE1DE0039CA2C /* DeleteRewardsViewController.m */ = {isa = PBXFileReference; fileEncoding = 4; lastKnownFileType = sourcecode.c.objc; path = DeleteRewardsViewController.m; sourceTree = "<group>"; };
/* End PBXFileReference section */

/* Begin PBXFrameworksBuildPhase section */
		8FC14B3115E2EEF50039CA2C /* Frameworks */ = {
			isa = PBXFrameworksBuildPhase;
			buildActionMask = 2147483647;
			files = (
				8FC14B3915E2EEF50039CA2C /* UIKit.framework in Frameworks */,
				8FC14B3B15E2EEF50039CA2C /* Foundation.framework in Frameworks */,
				8FC14B3D15E2EEF50039CA2C /* CoreGraphics.framework in Frameworks */,
			);
			runOnlyForDeploymentPostprocessing = 0;
		};
		8FC14B5115E2EEF50039CA2C /* Frameworks */ = {
			isa = PBXFrameworksBuildPhase;
			buildActionMask = 2147483647;
			files = (
				8FC14B5715E2EEF50039CA2C /* SenTestingKit.framework in Frameworks */,
				8FC14B5815E2EEF50039CA2C /* UIKit.framework in Frameworks */,
				8FC14B5915E2EEF50039CA2C /* Foundation.framework in Frameworks */,
			);
			runOnlyForDeploymentPostprocessing = 0;
		};
/* End PBXFrameworksBuildPhase section */

/* Begin PBXGroup section */
		8FC14B2915E2EEF50039CA2C = {
			isa = PBXGroup;
			children = (
				8FC14B3E15E2EEF50039CA2C /* Gamification */,
				8FC14B5C15E2EEF50039CA2C /* GamificationTests */,
				8FC14B3715E2EEF50039CA2C /* Frameworks */,
				8FC14B3515E2EEF50039CA2C /* Products */,
			);
			sourceTree = "<group>";
		};
		8FC14B3515E2EEF50039CA2C /* Products */ = {
			isa = PBXGroup;
			children = (
				8FC14B3415E2EEF50039CA2C /* Gamification.app */,
				8FC14B5515E2EEF50039CA2C /* GamificationTests.octest */,
			);
			name = Products;
			sourceTree = "<group>";
		};
		8FC14B3715E2EEF50039CA2C /* Frameworks */ = {
			isa = PBXGroup;
			children = (
				8FC14B3815E2EEF50039CA2C /* UIKit.framework */,
				8FC14B3A15E2EEF50039CA2C /* Foundation.framework */,
				8FC14B3C15E2EEF50039CA2C /* CoreGraphics.framework */,
				8FC14B5615E2EEF50039CA2C /* SenTestingKit.framework */,
			);
			name = Frameworks;
			sourceTree = "<group>";
		};
		8FC14B3E15E2EEF50039CA2C /* Gamification */ = {
			isa = PBXGroup;
			children = (
				8FC14B4A15E2EEF50039CA2C /* MainStoryboard.storyboard */,
				8FC14B4715E2EEF50039CA2C /* GamificationAppDelegate.h */,
				8FC14B4815E2EEF50039CA2C /* GamificationAppDelegate.m */,
				8FC14B8515FB8F2B0039CA2C /* Constants.h */,
				8FC14B8615FC81F10039CA2C /* Constants.m */,
				8FC14BA915FE709B0039CA2C /* Goal.h */,
				8FC14BAA15FE709B0039CA2C /* Goal.m */,
				8FC14BAD15FE745A0039CA2C /* Reward.h */,
				8FC14BAE15FE745A0039CA2C /* Reward.m */,
				8FC14B7915E34DAF0039CA2C /* GoalSet.h */,
				8FC14B7A15E34DAF0039CA2C /* GoalSet.m */,
				8FC14B7D15E35C330039CA2C /* RewardSet.h */,
				8FC14B7E15E35C330039CA2C /* RewardSet.m */,
				8FC14B8115FAD1920039CA2C /* UserStatus.h */,
				8FC14B8215FAD1920039CA2C /* UserStatus.m */,
				8FC14B4D15E2EEF50039CA2C /* GamificationViewController.h */,
				8FC14B4E15E2EEF50039CA2C /* GamificationViewController.m */,
				8FC14BB115FE76040039CA2C /* GoalsViewController.h */,
				8FC14BB215FE76040039CA2C /* GoalsViewController.m */,
				8FC14BB515FE76220039CA2C /* RewardsViewController.h */,
				8FC14BB615FE76230039CA2C /* RewardsViewController.m */,
				8FC14B8D15FD12600039CA2C /* StatsViewController.h */,
				8FC14B8E15FD12610039CA2C /* StatsViewController.m */,
				8FC14BB915FE8DA80039CA2C /* SpecificGoalsViewController.h */,
				8FC14BBA15FE8DA80039CA2C /* SpecificGoalsViewController.m */,
				8FC14BBD15FE8DCA0039CA2C /* SpecificRewardsViewController.h */,
				8FC14BBE15FE8DCA0039CA2C /* SpecificRewardsViewController.m */,
				8FC14BC115FEADBB0039CA2C /* AddGoalsViewController.h */,
				8FC14BC215FEADBB0039CA2C /* AddGoalsViewController.m */,
				8FC14BC915FECDC30039CA2C /* CompleteGoalsViewController.h */,
				8FC14BCA15FECDC40039CA2C /* CompleteGoalsViewController.m */,
				8FC14BCD15FECE240039CA2C /* DeleteGoalsViewController.h */,
				8FC14BCE15FECE240039CA2C /* DeleteGoalsViewController.m */,
				8FC14BC515FEADEA0039CA2C /* AddRewardsViewController.h */,
				8FC14BC615FEADEA0039CA2C /* AddRewardsViewController.m */,
				8FC14BD115FEE1DE0039CA2C /* DeleteRewardsViewController.h */,
				8FC14BD215FEE1DE0039CA2C /* DeleteRewardsViewController.m */,
				8FC14B3F15E2EEF50039CA2C /* Supporting Files */,
			);
			path = Gamification;
			sourceTree = "<group>";
		};
		8FC14B3F15E2EEF50039CA2C /* Supporting Files */ = {
			isa = PBXGroup;
			children = (
				8FC14B4015E2EEF50039CA2C /* Gamification-Info.plist */,
				8FC14B4115E2EEF50039CA2C /* InfoPlist.strings */,
				8FC14B4415E2EEF50039CA2C /* main.m */,
				8FC14B4615E2EEF50039CA2C /* Gamification-Prefix.pch */,
			);
			name = "Supporting Files";
			sourceTree = "<group>";
		};
		8FC14B5C15E2EEF50039CA2C /* GamificationTests */ = {
			isa = PBXGroup;
			children = (
				8FC14B6215E2EEF50039CA2C /* GamificationTests.h */,
				8FC14B6315E2EEF50039CA2C /* GamificationTests.m */,
				8FC14B5D15E2EEF50039CA2C /* Supporting Files */,
			);
			path = GamificationTests;
			sourceTree = "<group>";
		};
		8FC14B5D15E2EEF50039CA2C /* Supporting Files */ = {
			isa = PBXGroup;
			children = (
				8FC14B5E15E2EEF50039CA2C /* GamificationTests-Info.plist */,
				8FC14B5F15E2EEF50039CA2C /* InfoPlist.strings */,
			);
			name = "Supporting Files";
			sourceTree = "<group>";
		};
/* End PBXGroup section */

/* Begin PBXNativeTarget section */
		8FC14B3315E2EEF50039CA2C /* Gamification */ = {
			isa = PBXNativeTarget;
			buildConfigurationList = 8FC14B6715E2EEF50039CA2C /* Build configuration list for PBXNativeTarget "Gamification" */;
			buildPhases = (
				8FC14B3015E2EEF50039CA2C /* Sources */,
				8FC14B3115E2EEF50039CA2C /* Frameworks */,
				8FC14B3215E2EEF50039CA2C /* Resources */,
			);
			buildRules = (
			);
			dependencies = (
			);
			name = Gamification;
			productName = Gamification;
			productReference = 8FC14B3415E2EEF50039CA2C /* Gamification.app */;
			productType = "com.apple.product-type.application";
		};
		8FC14B5415E2EEF50039CA2C /* GamificationTests */ = {
			isa = PBXNativeTarget;
			buildConfigurationList = 8FC14B6A15E2EEF50039CA2C /* Build configuration list for PBXNativeTarget "GamificationTests" */;
			buildPhases = (
				8FC14B5015E2EEF50039CA2C /* Sources */,
				8FC14B5115E2EEF50039CA2C /* Frameworks */,
				8FC14B5215E2EEF50039CA2C /* Resources */,
				8FC14B5315E2EEF50039CA2C /* ShellScript */,
			);
			buildRules = (
			);
			dependencies = (
				8FC14B5B15E2EEF50039CA2C /* PBXTargetDependency */,
			);
			name = GamificationTests;
			productName = GamificationTests;
			productReference = 8FC14B5515E2EEF50039CA2C /* GamificationTests.octest */;
			productType = "com.apple.product-type.bundle";
		};
/* End PBXNativeTarget section */

/* Begin PBXProject section */
		8FC14B2B15E2EEF50039CA2C /* Project object */ = {
			isa = PBXProject;
			attributes = {
				LastUpgradeCheck = 0420;
			};
			buildConfigurationList = 8FC14B2E15E2EEF50039CA2C /* Build configuration list for PBXProject "Gamification" */;
			compatibilityVersion = "Xcode 3.2";
			developmentRegion = English;
			hasScannedForEncodings = 0;
			knownRegions = (
				en,
			);
			mainGroup = 8FC14B2915E2EEF50039CA2C;
			productRefGroup = 8FC14B3515E2EEF50039CA2C /* Products */;
			projectDirPath = "";
			projectRoot = "";
			targets = (
				8FC14B3315E2EEF50039CA2C /* Gamification */,
				8FC14B5415E2EEF50039CA2C /* GamificationTests */,
			);
		};
/* End PBXProject section */

/* Begin PBXResourcesBuildPhase section */
		8FC14B3215E2EEF50039CA2C /* Resources */ = {
			isa = PBXResourcesBuildPhase;
			buildActionMask = 2147483647;
			files = (
				8FC14B4315E2EEF50039CA2C /* InfoPlist.strings in Resources */,
				8FC14B4C15E2EEF50039CA2C /* MainStoryboard.storyboard in Resources */,
			);
			runOnlyForDeploymentPostprocessing = 0;
		};
		8FC14B5215E2EEF50039CA2C /* Resources */ = {
			isa = PBXResourcesBuildPhase;
			buildActionMask = 2147483647;
			files = (
				8FC14B6115E2EEF50039CA2C /* InfoPlist.strings in Resources */,
			);
			runOnlyForDeploymentPostprocessing = 0;
		};
/* End PBXResourcesBuildPhase section */

/* Begin PBXShellScriptBuildPhase section */
		8FC14B5315E2EEF50039CA2C /* ShellScript */ = {
			isa = PBXShellScriptBuildPhase;
			buildActionMask = 2147483647;
			files = (
			);
			inputPaths = (
			);
			outputPaths = (
			);
			runOnlyForDeploymentPostprocessing = 0;
			shellPath = /bin/sh;
			shellScript = "# Run the unit tests in this test bundle.\n\"${SYSTEM_DEVELOPER_DIR}/Tools/RunUnitTests\"\n";
		};
/* End PBXShellScriptBuildPhase section */

/* Begin PBXSourcesBuildPhase section */
		8FC14B3015E2EEF50039CA2C /* Sources */ = {
			isa = PBXSourcesBuildPhase;
			buildActionMask = 2147483647;
			files = (
				8FC14B4515E2EEF50039CA2C /* main.m in Sources */,
				8FC14B4915E2EEF50039CA2C /* GamificationAppDelegate.m in Sources */,
				8FC14B4F15E2EEF50039CA2C /* GamificationViewController.m in Sources */,
				8FC14B7B15E34DAF0039CA2C /* GoalSet.m in Sources */,
				8FC14B7F15E35C330039CA2C /* RewardSet.m in Sources */,
				8FC14B8315FAD1920039CA2C /* UserStatus.m in Sources */,
				8FC14B8715FC81F10039CA2C /* Constants.m in Sources */,
				8FC14B8F15FD12610039CA2C /* StatsViewController.m in Sources */,
				8FC14BAB15FE709C0039CA2C /* Goal.m in Sources */,
				8FC14BAF15FE745A0039CA2C /* Reward.m in Sources */,
				8FC14BB315FE76050039CA2C /* GoalsViewController.m in Sources */,
				8FC14BB715FE76230039CA2C /* RewardsViewController.m in Sources */,
				8FC14BBB15FE8DA90039CA2C /* SpecificGoalsViewController.m in Sources */,
				8FC14BBF15FE8DCB0039CA2C /* SpecificRewardsViewController.m in Sources */,
				8FC14BC315FEADBB0039CA2C /* AddGoalsViewController.m in Sources */,
				8FC14BC715FEADEA0039CA2C /* AddRewardsViewController.m in Sources */,
				8FC14BCB15FECDC40039CA2C /* CompleteGoalsViewController.m in Sources */,
				8FC14BCF15FECE250039CA2C /* DeleteGoalsViewController.m in Sources */,
				8FC14BD315FEE1DF0039CA2C /* DeleteRewardsViewController.m in Sources */,
			);
			runOnlyForDeploymentPostprocessing = 0;
		};
		8FC14B5015E2EEF50039CA2C /* Sources */ = {
			isa = PBXSourcesBuildPhase;
			buildActionMask = 2147483647;
			files = (
				8FC14B6415E2EEF50039CA2C /* GamificationTests.m in Sources */,
				8FC14B7C15E34DAF0039CA2C /* GoalSet.m in Sources */,
				8FC14B8015E35C330039CA2C /* RewardSet.m in Sources */,
				8FC14B8415FAD1920039CA2C /* UserStatus.m in Sources */,
				8FC14B8815FC81F10039CA2C /* Constants.m in Sources */,
				8FC14B9015FD12610039CA2C /* StatsViewController.m in Sources */,
				8FC14BAC15FE709C0039CA2C /* Goal.m in Sources */,
				8FC14BB015FE745A0039CA2C /* Reward.m in Sources */,
				8FC14BB415FE76050039CA2C /* GoalsViewController.m in Sources */,
				8FC14BB815FE76230039CA2C /* RewardsViewController.m in Sources */,
				8FC14BBC15FE8DA90039CA2C /* SpecificGoalsViewController.m in Sources */,
				8FC14BC015FE8DCB0039CA2C /* SpecificRewardsViewController.m in Sources */,
				8FC14BC415FEADBB0039CA2C /* AddGoalsViewController.m in Sources */,
				8FC14BC815FEADEA0039CA2C /* AddRewardsViewController.m in Sources */,
				8FC14BCC15FECDC40039CA2C /* CompleteGoalsViewController.m in Sources */,
				8FC14BD015FECE250039CA2C /* DeleteGoalsViewController.m in Sources */,
				8FC14BD415FEE1DF0039CA2C /* DeleteRewardsViewController.m in Sources */,
			);
			runOnlyForDeploymentPostprocessing = 0;
		};
/* End PBXSourcesBuildPhase section */

/* Begin PBXTargetDependency section */
		8FC14B5B15E2EEF50039CA2C /* PBXTargetDependency */ = {
			isa = PBXTargetDependency;
			target = 8FC14B3315E2EEF50039CA2C /* Gamification */;
			targetProxy = 8FC14B5A15E2EEF50039CA2C /* PBXContainerItemProxy */;
		};
/* End PBXTargetDependency section */

/* Begin PBXVariantGroup section */
		8FC14B4115E2EEF50039CA2C /* InfoPlist.strings */ = {
			isa = PBXVariantGroup;
			children = (
				8FC14B4215E2EEF50039CA2C /* en */,
			);
			name = InfoPlist.strings;
			sourceTree = "<group>";
		};
		8FC14B4A15E2EEF50039CA2C /* MainStoryboard.storyboard */ = {
			isa = PBXVariantGroup;
			children = (
				8FC14B4B15E2EEF50039CA2C /* en */,
			);
			name = MainStoryboard.storyboard;
			sourceTree = "<group>";
		};
		8FC14B5F15E2EEF50039CA2C /* InfoPlist.strings */ = {
			isa = PBXVariantGroup;
			children = (
				8FC14B6015E2EEF50039CA2C /* en */,
			);
			name = InfoPlist.strings;
			sourceTree = "<group>";
		};
/* End PBXVariantGroup section */

/* Begin XCBuildConfiguration section */
		8FC14B6515E2EEF50039CA2C /* Debug */ = {
			isa = XCBuildConfiguration;
			buildSettings = {
				ALWAYS_SEARCH_USER_PATHS = NO;
				ARCHS = "$(ARCHS_STANDARD_32_BIT)";
				CLANG_ENABLE_OBJC_ARC = YES;
				"CODE_SIGN_IDENTITY[sdk=iphoneos*]" = "iPhone Developer";
				COPY_PHASE_STRIP = NO;
				GCC_C_LANGUAGE_STANDARD = gnu99;
				GCC_DYNAMIC_NO_PIC = NO;
				GCC_OPTIMIZATION_LEVEL = 0;
				GCC_PREPROCESSOR_DEFINITIONS = (
					"DEBUG=1",
					"$(inherited)",
				);
				GCC_SYMBOLS_PRIVATE_EXTERN = NO;
				GCC_VERSION = com.apple.compilers.llvm.clang.1_0;
				GCC_WARN_ABOUT_MISSING_PROTOTYPES = YES;
				GCC_WARN_ABOUT_RETURN_TYPE = YES;
				GCC_WARN_UNUSED_VARIABLE = YES;
				IPHONEOS_DEPLOYMENT_TARGET = 5.0;
				SDKROOT = iphoneos;
			};
			name = Debug;
		};
		8FC14B6615E2EEF50039CA2C /* Release */ = {
			isa = XCBuildConfiguration;
			buildSettings = {
				ALWAYS_SEARCH_USER_PATHS = NO;
				ARCHS = "$(ARCHS_STANDARD_32_BIT)";
				CLANG_ENABLE_OBJC_ARC = YES;
				"CODE_SIGN_IDENTITY[sdk=iphoneos*]" = "iPhone Developer";
				COPY_PHASE_STRIP = YES;
				GCC_C_LANGUAGE_STANDARD = gnu99;
				GCC_VERSION = com.apple.compilers.llvm.clang.1_0;
				GCC_WARN_ABOUT_MISSING_PROTOTYPES = YES;
				GCC_WARN_ABOUT_RETURN_TYPE = YES;
				GCC_WARN_UNUSED_VARIABLE = YES;
				IPHONEOS_DEPLOYMENT_TARGET = 5.0;
				OTHER_CFLAGS = "-DNS_BLOCK_ASSERTIONS=1";
				SDKROOT = iphoneos;
				VALIDATE_PRODUCT = YES;
			};
			name = Release;
		};
		8FC14B6815E2EEF50039CA2C /* Debug */ = {
			isa = XCBuildConfiguration;
			buildSettings = {
				GCC_PRECOMPILE_PREFIX_HEADER = YES;
				GCC_PREFIX_HEADER = "Gamification/Gamification-Prefix.pch";
				INFOPLIST_FILE = "Gamification/Gamification-Info.plist";
				PRODUCT_NAME = "$(TARGET_NAME)";
				WRAPPER_EXTENSION = app;
			};
			name = Debug;
		};
		8FC14B6915E2EEF50039CA2C /* Release */ = {
			isa = XCBuildConfiguration;
			buildSettings = {
				GCC_PRECOMPILE_PREFIX_HEADER = YES;
				GCC_PREFIX_HEADER = "Gamification/Gamification-Prefix.pch";
				INFOPLIST_FILE = "Gamification/Gamification-Info.plist";
				PRODUCT_NAME = "$(TARGET_NAME)";
				WRAPPER_EXTENSION = app;
			};
			name = Release;
		};
		8FC14B6B15E2EEF50039CA2C /* Debug */ = {
			isa = XCBuildConfiguration;
			buildSettings = {
				BUNDLE_LOADER = "$(BUILT_PRODUCTS_DIR)/Gamification.app/Gamification";
				FRAMEWORK_SEARCH_PATHS = (
					"$(SDKROOT)/Developer/Library/Frameworks",
					"$(DEVELOPER_LIBRARY_DIR)/Frameworks",
				);
				GCC_PRECOMPILE_PREFIX_HEADER = YES;
				GCC_PREFIX_HEADER = "Gamification/Gamification-Prefix.pch";
				INFOPLIST_FILE = "GamificationTests/GamificationTests-Info.plist";
				PRODUCT_NAME = "$(TARGET_NAME)";
				TEST_HOST = "$(BUNDLE_LOADER)";
				WRAPPER_EXTENSION = octest;
			};
			name = Debug;
		};
		8FC14B6C15E2EEF50039CA2C /* Release */ = {
			isa = XCBuildConfiguration;
			buildSettings = {
				BUNDLE_LOADER = "$(BUILT_PRODUCTS_DIR)/Gamification.app/Gamification";
				FRAMEWORK_SEARCH_PATHS = (
					"$(SDKROOT)/Developer/Library/Frameworks",
					"$(DEVELOPER_LIBRARY_DIR)/Frameworks",
				);
				GCC_PRECOMPILE_PREFIX_HEADER = YES;
				GCC_PREFIX_HEADER = "Gamification/Gamification-Prefix.pch";
				INFOPLIST_FILE = "GamificationTests/GamificationTests-Info.plist";
				PRODUCT_NAME = "$(TARGET_NAME)";
				TEST_HOST = "$(BUNDLE_LOADER)";
				WRAPPER_EXTENSION = octest;
			};
			name = Release;
		};
/* End XCBuildConfiguration section */

/* Begin XCConfigurationList section */
		8FC14B2E15E2EEF50039CA2C /* Build configuration list for PBXProject "Gamification" */ = {
			isa = XCConfigurationList;
			buildConfigurations = (
				8FC14B6515E2EEF50039CA2C /* Debug */,
				8FC14B6615E2EEF50039CA2C /* Release */,
			);
			defaultConfigurationIsVisible = 0;
			defaultConfigurationName = Release;
		};
		8FC14B6715E2EEF50039CA2C /* Build configuration list for PBXNativeTarget "Gamification" */ = {
			isa = XCConfigurationList;
			buildConfigurations = (
				8FC14B6815E2EEF50039CA2C /* Debug */,
				8FC14B6915E2EEF50039CA2C /* Release */,
			);
			defaultConfigurationIsVisible = 0;
		};
		8FC14B6A15E2EEF50039CA2C /* Build configuration list for PBXNativeTarget "GamificationTests" */ = {
			isa = XCConfigurationList;
			buildConfigurations = (
				8FC14B6B15E2EEF50039CA2C /* Debug */,
				8FC14B6C15E2EEF50039CA2C /* Release */,
			);
			defaultConfigurationIsVisible = 0;
		};
/* End XCConfigurationList section */
	};
	rootObject = 8FC14B2B15E2EEF50039CA2C /* Project object */;
}
